// !$*UTF8*$!
{
	archiveVersion = 1;
	classes = {
	};
	objectVersion = 55;
	objects = {

/* Begin PBXBuildFile section */
		3E3A953B27C01ECB00A59BBF /* TetrisApp.swift in Sources */ = {isa = PBXBuildFile; fileRef = 3E3A953A27C01ECB00A59BBF /* TetrisApp.swift */; };
		3E3A953D27C01ECB00A59BBF /* ContentView.swift in Sources */ = {isa = PBXBuildFile; fileRef = 3E3A953C27C01ECB00A59BBF /* ContentView.swift */; };
		3E3A953F27C01ECB00A59BBF /* Assets.xcassets in Resources */ = {isa = PBXBuildFile; fileRef = 3E3A953E27C01ECB00A59BBF /* Assets.xcassets */; };
		3E3A954227C01ECB00A59BBF /* Preview Assets.xcassets in Resources */ = {isa = PBXBuildFile; fileRef = 3E3A954127C01ECB00A59BBF /* Preview Assets.xcassets */; };
		3E3A954D27C01EF500A59BBF /* GeneticAlgorithm.swift in Sources */ = {isa = PBXBuildFile; fileRef = 3E3A954C27C01EF500A59BBF /* GeneticAlgorithm.swift */; };
		3E3A954F27C01EFE00A59BBF /* Genetics.swift in Sources */ = {isa = PBXBuildFile; fileRef = 3E3A954E27C01EFE00A59BBF /* Genetics.swift */; };
		3E3A955127C01F0A00A59BBF /* TetrisSimulator.swift in Sources */ = {isa = PBXBuildFile; fileRef = 3E3A955027C01F0A00A59BBF /* TetrisSimulator.swift */; };
		3E3A955327C01F1200A59BBF /* TetrisAI.swift in Sources */ = {isa = PBXBuildFile; fileRef = 3E3A955227C01F1200A59BBF /* TetrisAI.swift */; };
		3E3A955527C01F1700A59BBF /* Tetromino.swift in Sources */ = {isa = PBXBuildFile; fileRef = 3E3A955427C01F1700A59BBF /* Tetromino.swift */; };
		3E3A955727C01F1B00A59BBF /* Board.swift in Sources */ = {isa = PBXBuildFile; fileRef = 3E3A955627C01F1B00A59BBF /* Board.swift */; };
		3E3A955927C01F2100A59BBF /* Blocks.swift in Sources */ = {isa = PBXBuildFile; fileRef = 3E3A955827C01F2100A59BBF /* Blocks.swift */; };
		3E3A955B27C01F2400A59BBF /* Move.swift in Sources */ = {isa = PBXBuildFile; fileRef = 3E3A955A27C01F2400A59BBF /* Move.swift */; };
		3E3A955D27C01F2E00A59BBF /* TetrisViewModel.swift in Sources */ = {isa = PBXBuildFile; fileRef = 3E3A955C27C01F2E00A59BBF /* TetrisViewModel.swift */; };
		3E3A955F27C01F3600A59BBF /* BoardView.swift in Sources */ = {isa = PBXBuildFile; fileRef = 3E3A955E27C01F3600A59BBF /* BoardView.swift */; };
		3E3A956127C01F3D00A59BBF /* SettingsView.swift in Sources */ = {isa = PBXBuildFile; fileRef = 3E3A956027C01F3D00A59BBF /* SettingsView.swift */; };
		3E3A956327C01FFD00A59BBF /* TetrisView.swift in Sources */ = {isa = PBXBuildFile; fileRef = 3E3A956227C01FFD00A59BBF /* TetrisView.swift */; };
		3E3A956527C024A000A59BBF /* StatsView.swift in Sources */ = {isa = PBXBuildFile; fileRef = 3E3A956427C024A000A59BBF /* StatsView.swift */; };
/* End PBXBuildFile section */

/* Begin PBXFileReference section */
		3E3A953727C01ECB00A59BBF /* Tetris.app */ = {isa = PBXFileReference; explicitFileType = wrapper.application; includeInIndex = 0; path = Tetris.app; sourceTree = BUILT_PRODUCTS_DIR; };
		3E3A953A27C01ECB00A59BBF /* TetrisApp.swift */ = {isa = PBXFileReference; lastKnownFileType = sourcecode.swift; path = TetrisApp.swift; sourceTree = "<group>"; };
		3E3A953C27C01ECB00A59BBF /* ContentView.swift */ = {isa = PBXFileReference; lastKnownFileType = sourcecode.swift; path = ContentView.swift; sourceTree = "<group>"; };
		3E3A953E27C01ECB00A59BBF /* Assets.xcassets */ = {isa = PBXFileReference; lastKnownFileType = folder.assetcatalog; path = Assets.xcassets; sourceTree = "<group>"; };
		3E3A954127C01ECB00A59BBF /* Preview Assets.xcassets */ = {isa = PBXFileReference; lastKnownFileType = folder.assetcatalog; path = "Preview Assets.xcassets"; sourceTree = "<group>"; };
		3E3A954327C01ECB00A59BBF /* Tetris.entitlements */ = {isa = PBXFileReference; lastKnownFileType = text.plist.entitlements; path = Tetris.entitlements; sourceTree = "<group>"; };
		3E3A954C27C01EF500A59BBF /* GeneticAlgorithm.swift */ = {isa = PBXFileReference; lastKnownFileType = sourcecode.swift; path = GeneticAlgorithm.swift; sourceTree = "<group>"; };
		3E3A954E27C01EFE00A59BBF /* Genetics.swift */ = {isa = PBXFileReference; lastKnownFileType = sourcecode.swift; path = Genetics.swift; sourceTree = "<group>"; };
		3E3A955027C01F0A00A59BBF /* TetrisSimulator.swift */ = {isa = PBXFileReference; lastKnownFileType = sourcecode.swift; path = TetrisSimulator.swift; sourceTree = "<group>"; };
		3E3A955227C01F1200A59BBF /* TetrisAI.swift */ = {isa = PBXFileReference; lastKnownFileType = sourcecode.swift; path = TetrisAI.swift; sourceTree = "<group>"; };
		3E3A955427C01F1700A59BBF /* Tetromino.swift */ = {isa = PBXFileReference; lastKnownFileType = sourcecode.swift; path = Tetromino.swift; sourceTree = "<group>"; };
		3E3A955627C01F1B00A59BBF /* Board.swift */ = {isa = PBXFileReference; lastKnownFileType = sourcecode.swift; path = Board.swift; sourceTree = "<group>"; };
		3E3A955827C01F2100A59BBF /* Blocks.swift */ = {isa = PBXFileReference; lastKnownFileType = sourcecode.swift; path = Blocks.swift; sourceTree = "<group>"; };
		3E3A955A27C01F2400A59BBF /* Move.swift */ = {isa = PBXFileReference; lastKnownFileType = sourcecode.swift; path = Move.swift; sourceTree = "<group>"; };
		3E3A955C27C01F2E00A59BBF /* TetrisViewModel.swift */ = {isa = PBXFileReference; lastKnownFileType = sourcecode.swift; path = TetrisViewModel.swift; sourceTree = "<group>"; };
		3E3A955E27C01F3600A59BBF /* BoardView.swift */ = {isa = PBXFileReference; lastKnownFileType = sourcecode.swift; path = BoardView.swift; sourceTree = "<group>"; };
		3E3A956027C01F3D00A59BBF /* SettingsView.swift */ = {isa = PBXFileReference; lastKnownFileType = sourcecode.swift; path = SettingsView.swift; sourceTree = "<group>"; };
		3E3A956227C01FFD00A59BBF /* TetrisView.swift */ = {isa = PBXFileReference; lastKnownFileType = sourcecode.swift; path = TetrisView.swift; sourceTree = "<group>"; };
		3E3A956427C024A000A59BBF /* StatsView.swift */ = {isa = PBXFileReference; lastKnownFileType = sourcecode.swift; path = StatsView.swift; sourceTree = "<group>"; };
/* End PBXFileReference section */

/* Begin PBXFrameworksBuildPhase section */
		3E3A953427C01ECB00A59BBF /* Frameworks */ = {
			isa = PBXFrameworksBuildPhase;
			buildActionMask = 2147483647;
			files = (
			);
			runOnlyForDeploymentPostprocessing = 0;
		};
/* End PBXFrameworksBuildPhase section */

/* Begin PBXGroup section */
		3E3A952E27C01ECB00A59BBF = {
			isa = PBXGroup;
			children = (
				3E3A953927C01ECB00A59BBF /* Tetris */,
				3E3A953827C01ECB00A59BBF /* Products */,
			);
			sourceTree = "<group>";
		};
		3E3A953827C01ECB00A59BBF /* Products */ = {
			isa = PBXGroup;
			children = (
				3E3A953727C01ECB00A59BBF /* Tetris.app */,
			);
			name = Products;
			sourceTree = "<group>";
		};
		3E3A953927C01ECB00A59BBF /* Tetris */ = {
			isa = PBXGroup;
			children = (
				3E3A953A27C01ECB00A59BBF /* TetrisApp.swift */,
				3E3A954927C01ED200A59BBF /* Views */,
				3E3A954A27C01ED700A59BBF /* ViewModels */,
				3E3A954B27C01EDE00A59BBF /* Models */,
				3E3A953E27C01ECB00A59BBF /* Assets.xcassets */,
				3E3A954327C01ECB00A59BBF /* Tetris.entitlements */,
				3E3A954027C01ECB00A59BBF /* Preview Content */,
			);
			path = Tetris;
			sourceTree = "<group>";
		};
		3E3A954027C01ECB00A59BBF /* Preview Content */ = {
			isa = PBXGroup;
			children = (
				3E3A954127C01ECB00A59BBF /* Preview Assets.xcassets */,
			);
			path = "Preview Content";
			sourceTree = "<group>";
		};
		3E3A954927C01ED200A59BBF /* Views */ = {
			isa = PBXGroup;
			children = (
				3E3A953C27C01ECB00A59BBF /* ContentView.swift */,
				3E3A956227C01FFD00A59BBF /* TetrisView.swift */,
				3E3A956027C01F3D00A59BBF /* SettingsView.swift */,
				3E3A956427C024A000A59BBF /* StatsView.swift */,
				3E3A955E27C01F3600A59BBF /* BoardView.swift */,
			);
			path = Views;
			sourceTree = "<group>";
		};
		3E3A954A27C01ED700A59BBF /* ViewModels */ = {
			isa = PBXGroup;
			children = (
				3E3A955C27C01F2E00A59BBF /* TetrisViewModel.swift */,
			);
			path = ViewModels;
			sourceTree = "<group>";
		};
		3E3A954B27C01EDE00A59BBF /* Models */ = {
			isa = PBXGroup;
			children = (
				3E3A954C27C01EF500A59BBF /* GeneticAlgorithm.swift */,
				3E3A954E27C01EFE00A59BBF /* Genetics.swift */,
				3E3A955027C01F0A00A59BBF /* TetrisSimulator.swift */,
				3E3A955227C01F1200A59BBF /* TetrisAI.swift */,
				3E3A955427C01F1700A59BBF /* Tetromino.swift */,
				3E3A955627C01F1B00A59BBF /* Board.swift */,
				3E3A955827C01F2100A59BBF /* Blocks.swift */,
				3E3A955A27C01F2400A59BBF /* Move.swift */,
			);
			path = Models;
			sourceTree = "<group>";
		};
/* End PBXGroup section */

/* Begin PBXNativeTarget section */
		3E3A953627C01ECB00A59BBF /* Tetris */ = {
			isa = PBXNativeTarget;
			buildConfigurationList = 3E3A954627C01ECB00A59BBF /* Build configuration list for PBXNativeTarget "Tetris" */;
			buildPhases = (
				3E3A953327C01ECB00A59BBF /* Sources */,
				3E3A953427C01ECB00A59BBF /* Frameworks */,
				3E3A953527C01ECB00A59BBF /* Resources */,
			);
			buildRules = (
			);
			dependencies = (
			);
			name = Tetris;
			productName = Tetris;
			productReference = 3E3A953727C01ECB00A59BBF /* Tetris.app */;
			productType = "com.apple.product-type.application";
		};
/* End PBXNativeTarget section */

/* Begin PBXProject section */
		3E3A952F27C01ECB00A59BBF /* Project object */ = {
			isa = PBXProject;
			attributes = {
				BuildIndependentTargetsInParallel = 1;
				LastSwiftUpdateCheck = 1320;
				LastUpgradeCheck = 1320;
				TargetAttributes = {
					3E3A953627C01ECB00A59BBF = {
						CreatedOnToolsVersion = 13.2.1;
					};
				};
			};
			buildConfigurationList = 3E3A953227C01ECB00A59BBF /* Build configuration list for PBXProject "Tetris" */;
			compatibilityVersion = "Xcode 13.0";
			developmentRegion = en;
			hasScannedForEncodings = 0;
			knownRegions = (
				en,
				Base,
			);
			mainGroup = 3E3A952E27C01ECB00A59BBF;
			productRefGroup = 3E3A953827C01ECB00A59BBF /* Products */;
			projectDirPath = "";
			projectRoot = "";
			targets = (
				3E3A953627C01ECB00A59BBF /* Tetris */,
			);
		};
/* End PBXProject section */

/* Begin PBXResourcesBuildPhase section */
		3E3A953527C01ECB00A59BBF /* Resources */ = {
			isa = PBXResourcesBuildPhase;
			buildActionMask = 2147483647;
			files = (
				3E3A954227C01ECB00A59BBF /* Preview Assets.xcassets in Resources */,
				3E3A953F27C01ECB00A59BBF /* Assets.xcassets in Resources */,
			);
			runOnlyForDeploymentPostprocessing = 0;
		};
/* End PBXResourcesBuildPhase section */

/* Begin PBXSourcesBuildPhase section */
		3E3A953327C01ECB00A59BBF /* Sources */ = {
			isa = PBXSourcesBuildPhase;
			buildActionMask = 2147483647;
			files = (
				3E3A955B27C01F2400A59BBF /* Move.swift in Sources */,
				3E3A956327C01FFD00A59BBF /* TetrisView.swift in Sources */,
				3E3A954D27C01EF500A59BBF /* GeneticAlgorithm.swift in Sources */,
				3E3A953D27C01ECB00A59BBF /* ContentView.swift in Sources */,
				3E3A955527C01F1700A59BBF /* Tetromino.swift in Sources */,
				3E3A955927C01F2100A59BBF /* Blocks.swift in Sources */,
				3E3A955327C01F1200A59BBF /* TetrisAI.swift in Sources */,
				3E3A953B27C01ECB00A59BBF /* TetrisApp.swift in Sources */,
				3E3A954F27C01EFE00A59BBF /* Genetics.swift in Sources */,
				3E3A955727C01F1B00A59BBF /* Board.swift in Sources */,
				3E3A955F27C01F3600A59BBF /* BoardView.swift in Sources */,
				3E3A956527C024A000A59BBF /* StatsView.swift in Sources */,
				3E3A955D27C01F2E00A59BBF /* TetrisViewModel.swift in Sources */,
				3E3A955127C01F0A00A59BBF /* TetrisSimulator.swift in Sources */,
				3E3A956127C01F3D00A59BBF /* SettingsView.swift in Sources */,
			);
			runOnlyForDeploymentPostprocessing = 0;
		};
/* End PBXSourcesBuildPhase section */

/* Begin XCBuildConfiguration section */
		3E3A954427C01ECB00A59BBF /* Debug */ = {
			isa = XCBuildConfiguration;
			buildSettings = {
				ALWAYS_SEARCH_USER_PATHS = NO;
				CLANG_ANALYZER_NONNULL = YES;
				CLANG_ANALYZER_NUMBER_OBJECT_CONVERSION = YES_AGGRESSIVE;
				CLANG_CXX_LANGUAGE_STANDARD = "gnu++17";
				CLANG_CXX_LIBRARY = "libc++";
				CLANG_ENABLE_MODULES = YES;
				CLANG_ENABLE_OBJC_ARC = YES;
				CLANG_ENABLE_OBJC_WEAK = YES;
				CLANG_WARN_BLOCK_CAPTURE_AUTORELEASING = YES;
				CLANG_WARN_BOOL_CONVERSION = YES;
				CLANG_WARN_COMMA = YES;
				CLANG_WARN_CONSTANT_CONVERSION = YES;
				CLANG_WARN_DEPRECATED_OBJC_IMPLEMENTATIONS = YES;
				CLANG_WARN_DIRECT_OBJC_ISA_USAGE = YES_ERROR;
				CLANG_WARN_DOCUMENTATION_COMMENTS = YES;
				CLANG_WARN_EMPTY_BODY = YES;
				CLANG_WARN_ENUM_CONVERSION = YES;
				CLANG_WARN_INFINITE_RECURSION = YES;
				CLANG_WARN_INT_CONVERSION = YES;
				CLANG_WARN_NON_LITERAL_NULL_CONVERSION = YES;
				CLANG_WARN_OBJC_IMPLICIT_RETAIN_SELF = YES;
				CLANG_WARN_OBJC_LITERAL_CONVERSION = YES;
				CLANG_WARN_OBJC_ROOT_CLASS = YES_ERROR;
				CLANG_WARN_QUOTED_INCLUDE_IN_FRAMEWORK_HEADER = YES;
				CLANG_WARN_RANGE_LOOP_ANALYSIS = YES;
				CLANG_WARN_STRICT_PROTOTYPES = YES;
				CLANG_WARN_SUSPICIOUS_MOVE = YES;
				CLANG_WARN_UNGUARDED_AVAILABILITY = YES_AGGRESSIVE;
				CLANG_WARN_UNREACHABLE_CODE = YES;
				CLANG_WARN__DUPLICATE_METHOD_MATCH = YES;
				COPY_PHASE_STRIP = NO;
				DEBUG_INFORMATION_FORMAT = dwarf;
				ENABLE_STRICT_OBJC_MSGSEND = YES;
				ENABLE_TESTABILITY = YES;
				GCC_C_LANGUAGE_STANDARD = gnu11;
				GCC_DYNAMIC_NO_PIC = NO;
				GCC_NO_COMMON_BLOCKS = YES;
				GCC_OPTIMIZATION_LEVEL = 0;
				GCC_PREPROCESSOR_DEFINITIONS = (
					"DEBUG=1",
					"$(inherited)",
				);
				GCC_WARN_64_TO_32_BIT_CONVERSION = YES;
				GCC_WARN_ABOUT_RETURN_TYPE = YES_ERROR;
				GCC_WARN_UNDECLARED_SELECTOR = YES;
				GCC_WARN_UNINITIALIZED_AUTOS = YES_AGGRESSIVE;
				GCC_WARN_UNUSED_FUNCTION = YES;
				GCC_WARN_UNUSED_VARIABLE = YES;
				MACOSX_DEPLOYMENT_TARGET = 12.1;
				MTL_ENABLE_DEBUG_INFO = INCLUDE_SOURCE;
				MTL_FAST_MATH = YES;
				ONLY_ACTIVE_ARCH = YES;
				SDKROOT = macosx;
				SWIFT_ACTIVE_COMPILATION_CONDITIONS = DEBUG;
				SWIFT_OPTIMIZATION_LEVEL = "-Onone";
			};
			name = Debug;
		};
		3E3A954527C01ECB00A59BBF /* Release */ = {
			isa = XCBuildConfiguration;
			buildSettings = {
				ALWAYS_SEARCH_USER_PATHS = NO;
				CLANG_ANALYZER_NONNULL = YES;
				CLANG_ANALYZER_NUMBER_OBJECT_CONVERSION = YES_AGGRESSIVE;
				CLANG_CXX_LANGUAGE_STANDARD = "gnu++17";
				CLANG_CXX_LIBRARY = "libc++";
				CLANG_ENABLE_MODULES = YES;
				CLANG_ENABLE_OBJC_ARC = YES;
				CLANG_ENABLE_OBJC_WEAK = YES;
				CLANG_WARN_BLOCK_CAPTURE_AUTORELEASING = YES;
				CLANG_WARN_BOOL_CONVERSION = YES;
				CLANG_WARN_COMMA = YES;
				CLANG_WARN_CONSTANT_CONVERSION = YES;
				CLANG_WARN_DEPRECATED_OBJC_IMPLEMENTATIONS = YES;
				CLANG_WARN_DIRECT_OBJC_ISA_USAGE = YES_ERROR;
				CLANG_WARN_DOCUMENTATION_COMMENTS = YES;
				CLANG_WARN_EMPTY_BODY = YES;
				CLANG_WARN_ENUM_CONVERSION = YES;
				CLANG_WARN_INFINITE_RECURSION = YES;
				CLANG_WARN_INT_CONVERSION = YES;
				CLANG_WARN_NON_LITERAL_NULL_CONVERSION = YES;
				CLANG_WARN_OBJC_IMPLICIT_RETAIN_SELF = YES;
				CLANG_WARN_OBJC_LITERAL_CONVERSION = YES;
				CLANG_WARN_OBJC_ROOT_CLASS = YES_ERROR;
				CLANG_WARN_QUOTED_INCLUDE_IN_FRAMEWORK_HEADER = YES;
				CLANG_WARN_RANGE_LOOP_ANALYSIS = YES;
				CLANG_WARN_STRICT_PROTOTYPES = YES;
				CLANG_WARN_SUSPICIOUS_MOVE = YES;
				CLANG_WARN_UNGUARDED_AVAILABILITY = YES_AGGRESSIVE;
				CLANG_WARN_UNREACHABLE_CODE = YES;
				CLANG_WARN__DUPLICATE_METHOD_MATCH = YES;
				COPY_PHASE_STRIP = NO;
				DEBUG_INFORMATION_FORMAT = "dwarf-with-dsym";
				ENABLE_NS_ASSERTIONS = NO;
				ENABLE_STRICT_OBJC_MSGSEND = YES;
				GCC_C_LANGUAGE_STANDARD = gnu11;
				GCC_NO_COMMON_BLOCKS = YES;
				GCC_WARN_64_TO_32_BIT_CONVERSION = YES;
				GCC_WARN_ABOUT_RETURN_TYPE = YES_ERROR;
				GCC_WARN_UNDECLARED_SELECTOR = YES;
				GCC_WARN_UNINITIALIZED_AUTOS = YES_AGGRESSIVE;
				GCC_WARN_UNUSED_FUNCTION = YES;
				GCC_WARN_UNUSED_VARIABLE = YES;
				MACOSX_DEPLOYMENT_TARGET = 12.1;
				MTL_ENABLE_DEBUG_INFO = NO;
				MTL_FAST_MATH = YES;
				SDKROOT = macosx;
				SWIFT_COMPILATION_MODE = wholemodule;
				SWIFT_OPTIMIZATION_LEVEL = "-O";
			};
			name = Release;
		};
		3E3A954727C01ECB00A59BBF /* Debug */ = {
			isa = XCBuildConfiguration;
			buildSettings = {
				ASSETCATALOG_COMPILER_APPICON_NAME = AppIcon;
				ASSETCATALOG_COMPILER_GLOBAL_ACCENT_COLOR_NAME = AccentColor;
				CODE_SIGN_ENTITLEMENTS = Tetris/Tetris.entitlements;
				CODE_SIGN_STYLE = Automatic;
				COMBINE_HIDPI_IMAGES = YES;
				CURRENT_PROJECT_VERSION = 1;
				DEVELOPMENT_ASSET_PATHS = "\"Tetris/Preview Content\"";
				DEVELOPMENT_TEAM = 9W4K8SM2YS;
				ENABLE_HARDENED_RUNTIME = YES;
				ENABLE_PREVIEWS = YES;
				GENERATE_INFOPLIST_FILE = YES;
				INFOPLIST_KEY_NSHumanReadableCopyright = "";
				LD_RUNPATH_SEARCH_PATHS = (
					"$(inherited)",
					"@executable_path/../Frameworks",
				);
				MARKETING_VERSION = 1.0;
				PRODUCT_BUNDLE_IDENTIFIER = com.jakenaes.Tetris;
				PRODUCT_NAME = "$(TARGET_NAME)";
				SWIFT_EMIT_LOC_STRINGS = YES;
				SWIFT_VERSION = 5.0;
			};
			name = Debug;
		};
		3E3A954827C01ECB00A59BBF /* Release */ = {
			isa = XCBuildConfiguration;
			buildSettings = {
				ASSETCATALOG_COMPILER_APPICON_NAME = AppIcon;
				ASSETCATALOG_COMPILER_GLOBAL_ACCENT_COLOR_NAME = AccentColor;
				CODE_SIGN_ENTITLEMENTS = Tetris/Tetris.entitlements;
				CODE_SIGN_STYLE = Automatic;
				COMBINE_HIDPI_IMAGES = YES;
				CURRENT_PROJECT_VERSION = 1;
				DEVELOPMENT_ASSET_PATHS = "\"Tetris/Preview Content\"";
				DEVELOPMENT_TEAM = 9W4K8SM2YS;
				ENABLE_HARDENED_RUNTIME = YES;
				ENABLE_PREVIEWS = YES;
				GENERATE_INFOPLIST_FILE = YES;
				INFOPLIST_KEY_NSHumanReadableCopyright = "";
				LD_RUNPATH_SEARCH_PATHS = (
					"$(inherited)",
					"@executable_path/../Frameworks",
				);
				MARKETING_VERSION = 1.0;
				PRODUCT_BUNDLE_IDENTIFIER = com.jakenaes.Tetris;
				PRODUCT_NAME = "$(TARGET_NAME)";
				SWIFT_EMIT_LOC_STRINGS = YES;
				SWIFT_VERSION = 5.0;
			};
			name = Release;
		};
/* End XCBuildConfiguration section */

/* Begin XCConfigurationList section */
		3E3A953227C01ECB00A59BBF /* Build configuration list for PBXProject "Tetris" */ = {
			isa = XCConfigurationList;
			buildConfigurations = (
				3E3A954427C01ECB00A59BBF /* Debug */,
				3E3A954527C01ECB00A59BBF /* Release */,
			);
			defaultConfigurationIsVisible = 0;
			defaultConfigurationName = Release;
		};
		3E3A954627C01ECB00A59BBF /* Build configuration list for PBXNativeTarget "Tetris" */ = {
			isa = XCConfigurationList;
			buildConfigurations = (
				3E3A954727C01ECB00A59BBF /* Debug */,
				3E3A954827C01ECB00A59BBF /* Release */,
			);
			defaultConfigurationIsVisible = 0;
			defaultConfigurationName = Release;
		};
/* End XCConfigurationList section */
	};
	rootObject = 3E3A952F27C01ECB00A59BBF /* Project object */;
}
